<?xml version="1.0" encoding="utf-8"?>
<Project ToolsVersion="4.0" xmlns="http://schemas.microsoft.com/developer/msbuild/2003">
  <ItemGroup>
    <Filter Include="h">
      <UniqueIdentifier>{f603771b-3ec1-47c6-ba1a-6c47048c3036}</UniqueIdentifier>
    </Filter>
    <Filter Include="cpp">
      <UniqueIdentifier>{1ff1c6ae-0e57-429d-aca7-79515f606449}</UniqueIdentifier>
    </Filter>
    <Filter Include="bmp">
      <UniqueIdentifier>{ab51e268-6a36-427d-aaf9-8794db2a86ad}</UniqueIdentifier>
    </Filter>
  </ItemGroup>
  <ItemGroup>
    <ClCompile Include="Main.cpp" />
    <ClCompile Include="Button.cpp">
      <Filter>cpp</Filter>
    </ClCompile>
    <ClCompile Include="Menu.cpp">
      <Filter>cpp</Filter>
    </ClCompile>
    <ClCompile Include="MenuOperate.cpp">
      <Filter>cpp</Filter>
    </ClCompile>
    <ClCompile Include="Picture.cpp">
      <Filter>cpp</Filter>
    </ClCompile>
    <ClCompile Include="Point.cpp">
      <Filter>cpp</Filter>
    </ClCompile>
    <ClCompile Include="Colour.cpp">
      <Filter>cpp</Filter>
    </ClCompile>
    <ClCompile Include="Vector.cpp">
      <Filter>cpp</Filter>
    </ClCompile>
    <ClCompile Include="Chapter.cpp">
      <Filter>cpp</Filter>
    </ClCompile>
    <ClCompile Include="RelativePoint.cpp">
      <Filter>cpp</Filter>
    </ClCompile>
    <ClCompile Include="ButtonMenu.cpp">
      <Filter>cpp</Filter>
    </ClCompile>
  </ItemGroup>
  <ItemGroup>
    <ClInclude Include="Button.h">
      <Filter>h</Filter>
    </ClInclude>
    <ClInclude Include="Menu.h">
      <Filter>h</Filter>
    </ClInclude>
    <ClInclude Include="MenuOperate.h">
      <Filter>h</Filter>
    </ClInclude>
    <ClInclude Include="Picture.h">
      <Filter>h</Filter>
    </ClInclude>
    <ClInclude Include="Point.h">
      <Filter>h</Filter>
    </ClInclude>
    <ClInclude Include="Vector.h">
      <Filter>h</Filter>
    </ClInclude>
    <ClInclude Include="Colour.h">
      <Filter>h</Filter>
    </ClInclude>
    <ClInclude Include="Chapter.h">
      <Filter>h</Filter>
    </ClInclude>
    <ClInclude Include="RelativePoint.h">
      <Filter>h</Filter>
    </ClInclude>
    <ClInclude Include="Laser.h">
      <Filter>h</Filter>
    </ClInclude>
  </ItemGroup>
  <ItemGroup>
    <Image Include="photo\bit.bmp">
      <Filter>bmp</Filter>
    </Image>
    <Image Include="photo\mirror.bmp">
      <Filter>bmp</Filter>
    </Image>
  </ItemGroup>
</Project>