<?xml version="1.0" encoding="utf-8"?>
<Project ToolsVersion="4.0" xmlns="http://schemas.microsoft.com/developer/msbuild/2003">
  <ItemGroup>
    <Filter Include="Resources">
      <UniqueIdentifier>{ab51e268-6a36-427d-aaf9-8794db2a86ad}</UniqueIdentifier>
    </Filter>
    <Filter Include="CPP">
      <UniqueIdentifier>{1ff1c6ae-0e57-429d-aca7-79515f606449}</UniqueIdentifier>
    </Filter>
    <Filter Include="H">
      <UniqueIdentifier>{f603771b-3ec1-47c6-ba1a-6c47048c3036}</UniqueIdentifier>
    </Filter>
  </ItemGroup>
  <ItemGroup>
    <ClCompile Include="Main.cpp" />
    <ClCompile Include="Button.cpp">
      <Filter>CPP</Filter>
    </ClCompile>
    <ClCompile Include="Picture.cpp">
      <Filter>CPP</Filter>
    </ClCompile>
    <ClCompile Include="Point.cpp">
      <Filter>CPP</Filter>
    </ClCompile>
    <ClCompile Include="Colour.cpp">
      <Filter>CPP</Filter>
    </ClCompile>
    <ClCompile Include="Vector.cpp">
      <Filter>CPP</Filter>
    </ClCompile>
    <ClCompile Include="RelativePoint.cpp">
      <Filter>CPP</Filter>
    </ClCompile>
    <ClCompile Include="Block.cpp">
      <Filter>CPP</Filter>
    </ClCompile>
    <ClCompile Include="Map.cpp">
      <Filter>CPP</Filter>
    </ClCompile>
    <ClCompile Include="Level.cpp">
      <Filter>CPP</Filter>
    </ClCompile>
    <ClCompile Include="Item.cpp">
      <Filter>CPP</Filter>
    </ClCompile>
    <ClCompile Include="System.cpp">
      <Filter>CPP</Filter>
    </ClCompile>
    <ClCompile Include="Target.cpp">
      <Filter>CPP</Filter>
    </ClCompile>
    <ClCompile Include="Emitter.cpp">
      <Filter>CPP</Filter>
    </ClCompile>
    <ClCompile Include="Mirror.cpp">
      <Filter>CPP</Filter>
    </ClCompile>
    <ClCompile Include="DoubleMirror.cpp">
      <Filter>CPP</Filter>
    </ClCompile>
    <ClCompile Include="Wall.cpp">
      <Filter>CPP</Filter>
    </ClCompile>
    <ClCompile Include="HalfMirror.cpp">
      <Filter>CPP</Filter>
    </ClCompile>
  </ItemGroup>
  <ItemGroup>
    <ClInclude Include="Button.h">
      <Filter>H</Filter>
    </ClInclude>
    <ClInclude Include="Picture.h">
      <Filter>H</Filter>
    </ClInclude>
    <ClInclude Include="Point.h">
      <Filter>H</Filter>
    </ClInclude>
    <ClInclude Include="Vector.h">
      <Filter>H</Filter>
    </ClInclude>
    <ClInclude Include="Colour.h">
      <Filter>H</Filter>
    </ClInclude>
    <ClInclude Include="RelativePoint.h">
      <Filter>H</Filter>
    </ClInclude>
    <ClInclude Include="Block.h">
      <Filter>H</Filter>
    </ClInclude>
    <ClInclude Include="Map.h">
      <Filter>H</Filter>
    </ClInclude>
    <ClInclude Include="Level.h">
      <Filter>H</Filter>
    </ClInclude>
    <ClInclude Include="Item.h">
      <Filter>H</Filter>
    </ClInclude>
    <ClInclude Include="System.h">
      <Filter>H</Filter>
    </ClInclude>
    <ClInclude Include="Target.h">
      <Filter>H</Filter>
    </ClInclude>
    <ClInclude Include="Mirror.h">
      <Filter>H</Filter>
    </ClInclude>
    <ClInclude Include="DoubleMirror.h">
      <Filter>H</Filter>
    </ClInclude>
    <ClInclude Include="Emitter.h">
      <Filter>H</Filter>
    </ClInclude>
    <ClInclude Include="Wall.h">
      <Filter>H</Filter>
    </ClInclude>
    <ClInclude Include="HalfMirror.h">
      <Filter>H</Filter>
    </ClInclude>
  </ItemGroup>
  <ItemGroup>
    <Image Include="Images\Menu\ChapterChoose.png">
      <Filter>Resources</Filter>
    </Image>
    <Image Include="Images\Menu\Help.png">
      <Filter>Resources</Filter>
    </Image>
    <Image Include="Images\Menu\MainWindow.png">
      <Filter>Resources</Filter>
    </Image>
    <Image Include="Images\Menu\Option.png">
      <Filter>Resources</Filter>
    </Image>
    <Image Include="Images\Menu\PlayingWindow.png">
      <Filter>Resources</Filter>
    </Image>
    <Image Include="Images\Menu\SuccessNotice.png">
      <Filter>Resources</Filter>
    </Image>
    <Image Include="Images\Block\EmptyBlock.png">
      <Filter>Resources</Filter>
    </Image>
    <Image Include="Images\Block\Item\Mirror\Mirror_0.png">
      <Filter>Resources</Filter>
    </Image>
    <Image Include="Images\Block\Item\Mirror\Mirror_1.png">
      <Filter>Resources</Filter>
    </Image>
    <Image Include="Images\Block\Item\Mirror\Mirror_2.png">
      <Filter>Resources</Filter>
    </Image>
    <Image Include="Images\Block\Item\Mirror\Mirror_3.png">
      <Filter>Resources</Filter>
    </Image>
    <Image Include="Images\Block\Item\Mirror\Mirror_4.png">
      <Filter>Resources</Filter>
    </Image>
    <Image Include="Images\Block\Item\Mirror\Mirror_5.png">
      <Filter>Resources</Filter>
    </Image>
    <Image Include="Images\Block\Item\Mirror\Mirror_6.png">
      <Filter>Resources</Filter>
    </Image>
    <Image Include="Images\Block\Item\Mirror\Mirror_7.png">
      <Filter>Resources</Filter>
    </Image>
    <Image Include="Images\Block\Item\DoubleMirror\DoubleMirror_2.png">
      <Filter>Resources</Filter>
    </Image>
    <Image Include="Images\Block\Emitter\Emitter_1_0.png">
      <Filter>Resources</Filter>
    </Image>
    <Image Include="Images\Block\Emitter\Emitter_1_1.png">
      <Filter>Resources</Filter>
    </Image>
    <Image Include="Images\Block\Emitter\Emitter_1_2.png">
      <Filter>Resources</Filter>
    </Image>
    <Image Include="Images\Block\Emitter\Emitter_1_3.png">
      <Filter>Resources</Filter>
    </Image>
    <Image Include="Images\Block\Emitter\Emitter_1_4.png">
      <Filter>Resources</Filter>
    </Image>
    <Image Include="Images\Block\Emitter\Emitter_1_5.png">
      <Filter>Resources</Filter>
    </Image>
    <Image Include="Images\Block\Emitter\Emitter_1_6.png">
      <Filter>Resources</Filter>
    </Image>
    <Image Include="Images\Block\Emitter\Emitter_1_7.png">
      <Filter>Resources</Filter>
    </Image>
    <Image Include="Images\Block\Emitter\Emitter_2_0.png">
      <Filter>Resources</Filter>
    </Image>
    <Image Include="Images\Block\Emitter\Emitter_2_1.png">
      <Filter>Resources</Filter>
    </Image>
    <Image Include="Images\Block\Emitter\Emitter_2_2.png">
      <Filter>Resources</Filter>
    </Image>
    <Image Include="Images\Block\Emitter\Emitter_2_3.png">
      <Filter>Resources</Filter>
    </Image>
    <Image Include="Images\Block\Emitter\Emitter_2_4.png">
      <Filter>Resources</Filter>
    </Image>
    <Image Include="Images\Block\Emitter\Emitter_2_5.png">
      <Filter>Resources</Filter>
    </Image>
    <Image Include="Images\Block\Emitter\Emitter_2_6.png">
      <Filter>Resources</Filter>
    </Image>
    <Image Include="Images\Block\Emitter\Emitter_2_7.png">
      <Filter>Resources</Filter>
    </Image>
    <Image Include="Images\Block\Emitter\Emitter_3_0.png">
      <Filter>Resources</Filter>
    </Image>
    <Image Include="Images\Block\Emitter\Emitter_3_1.png">
      <Filter>Resources</Filter>
    </Image>
    <Image Include="Images\Block\Emitter\Emitter_3_2.png">
      <Filter>Resources</Filter>
    </Image>
    <Image Include="Images\Block\Emitter\Emitter_3_3.png">
      <Filter>Resources</Filter>
    </Image>
    <Image Include="Images\Block\Emitter\Emitter_3_4.png">
      <Filter>Resources</Filter>
    </Image>
    <Image Include="Images\Block\Emitter\Emitter_3_5.png">
      <Filter>Resources</Filter>
    </Image>
    <Image Include="Images\Block\Emitter\Emitter_3_6.png">
      <Filter>Resources</Filter>
    </Image>
    <Image Include="Images\Block\Emitter\Emitter_3_7.png">
      <Filter>Resources</Filter>
    </Image>
    <Image Include="Images\Block\Target\Succeeded_0.png">
      <Filter>Resources</Filter>
    </Image>
    <Image Include="Images\Block\Target\Succeeded_1.png">
      <Filter>Resources</Filter>
    </Image>
    <Image Include="Images\Block\Target\Succeeded_2.png">
      <Filter>Resources</Filter>
    </Image>
    <Image Include="Images\Block\Target\Succeeded_3.png">
      <Filter>Resources</Filter>
    </Image>
    <Image Include="Images\Block\Target\Succeeded_4.png">
      <Filter>Resources</Filter>
    </Image>
    <Image Include="Images\Block\Target\Succeeded_5.png">
      <Filter>Resources</Filter>
    </Image>
    <Image Include="Images\Block\Target\Succeeded_6.png">
      <Filter>Resources</Filter>
    </Image>
    <Image Include="Images\Block\Target\Succeeded_7.png">
      <Filter>Resources</Filter>
    </Image>
    <Image Include="Images\Block\Target\Target_0.png">
      <Filter>Resources</Filter>
    </Image>
    <Image Include="Images\Block\Target\Target_1.png">
      <Filter>Resources</Filter>
    </Image>
    <Image Include="Images\Block\Target\Target_2.png">
      <Filter>Resources</Filter>
    </Image>
    <Image Include="Images\Block\Target\Target_3.png">
      <Filter>Resources</Filter>
    </Image>
    <Image Include="Images\Block\Target\Target_4.png">
      <Filter>Resources</Filter>
    </Image>
    <Image Include="Images\Block\Target\Target_5.png">
      <Filter>Resources</Filter>
    </Image>
    <Image Include="Images\Block\Target\Target_6.png">
      <Filter>Resources</Filter>
    </Image>
    <Image Include="Images\Block\Target\Target_7.png">
      <Filter>Resources</Filter>
    </Image>
    <Image Include="Images\Block\Item\DoubleMirror\DoubleMirror_0.png">
      <Filter>Resources</Filter>
    </Image>
    <Image Include="Images\Block\Item\DoubleMirror\DoubleMirror_1.png">
      <Filter>Resources</Filter>
    </Image>
    <Image Include="Images\Block\Item\DoubleMirror\DoubleMirror_3.png">
      <Filter>Resources</Filter>
    </Image>
    <Image Include="Images\Block\Item\DoubleMirror\DoubleMirror_4.png">
      <Filter>Resources</Filter>
    </Image>
    <Image Include="Images\Block\Item\DoubleMirror\DoubleMirror_5.png">
      <Filter>Resources</Filter>
    </Image>
    <Image Include="Images\Block\Item\DoubleMirror\DoubleMirror_6.png">
      <Filter>Resources</Filter>
    </Image>
    <Image Include="Images\Block\Item\DoubleMirror\DoubleMirror_7.png">
      <Filter>Resources</Filter>
    </Image>
  </ItemGroup>
  <ItemGroup>
    <Media Include="Music\MenuMusic.wav">
      <Filter>Resources</Filter>
    </Media>
    <Media Include="Music\PlayingMusic.wav">
      <Filter>Resources</Filter>
    </Media>
    <Media Include="Music\Null.wav">
      <Filter>Resources</Filter>
    </Media>
  </ItemGroup>
</Project>