<?xml version="1.0" encoding="utf-8"?>
<Project ToolsVersion="4.0" xmlns="http://schemas.microsoft.com/developer/msbuild/2003">
  <ItemGroup>
    <Filter Include="Resources">
      <UniqueIdentifier>{ab51e268-6a36-427d-aaf9-8794db2a86ad}</UniqueIdentifier>
    </Filter>
    <Filter Include="CPP">
      <UniqueIdentifier>{1ff1c6ae-0e57-429d-aca7-79515f606449}</UniqueIdentifier>
    </Filter>
    <Filter Include="H">
      <UniqueIdentifier>{f603771b-3ec1-47c6-ba1a-6c47048c3036}</UniqueIdentifier>
    </Filter>
  </ItemGroup>
  <ItemGroup>
    <ClCompile Include="Main.cpp" />
    <ClCompile Include="Button.cpp">
      <Filter>CPP</Filter>
    </ClCompile>
    <ClCompile Include="Menu.cpp">
      <Filter>CPP</Filter>
    </ClCompile>
    <ClCompile Include="Picture.cpp">
      <Filter>CPP</Filter>
    </ClCompile>
    <ClCompile Include="Point.cpp">
      <Filter>CPP</Filter>
    </ClCompile>
    <ClCompile Include="Colour.cpp">
      <Filter>CPP</Filter>
    </ClCompile>
    <ClCompile Include="Vector.cpp">
      <Filter>CPP</Filter>
    </ClCompile>
    <ClCompile Include="Chapter.cpp">
      <Filter>CPP</Filter>
    </ClCompile>
    <ClCompile Include="RelativePoint.cpp">
      <Filter>CPP</Filter>
    </ClCompile>
    <ClCompile Include="ButtonMenu.cpp">
      <Filter>CPP</Filter>
    </ClCompile>
    <ClCompile Include="Block.cpp">
      <Filter>CPP</Filter>
    </ClCompile>
    <ClCompile Include="EmptyBlock.cpp">
      <Filter>CPP</Filter>
    </ClCompile>
  </ItemGroup>
  <ItemGroup>
    <ClInclude Include="Button.h">
      <Filter>H</Filter>
    </ClInclude>
    <ClInclude Include="Menu.h">
      <Filter>H</Filter>
    </ClInclude>
    <ClInclude Include="Picture.h">
      <Filter>H</Filter>
    </ClInclude>
    <ClInclude Include="Point.h">
      <Filter>H</Filter>
    </ClInclude>
    <ClInclude Include="Vector.h">
      <Filter>H</Filter>
    </ClInclude>
    <ClInclude Include="Colour.h">
      <Filter>H</Filter>
    </ClInclude>
    <ClInclude Include="Chapter.h">
      <Filter>H</Filter>
    </ClInclude>
    <ClInclude Include="RelativePoint.h">
      <Filter>H</Filter>
    </ClInclude>
    <ClInclude Include="Laser.h">
      <Filter>H</Filter>
    </ClInclude>
    <ClInclude Include="Block.h">
      <Filter>H</Filter>
    </ClInclude>
    <ClInclude Include="EmptyBlock.h">
      <Filter>H</Filter>
    </ClInclude>
  </ItemGroup>
  <ItemGroup>
    <Image Include="images\bit.bmp">
      <Filter>Resources</Filter>
    </Image>
    <Image Include="images\mirror.bmp">
      <Filter>Resources</Filter>
    </Image>
    <Image Include="images\bit.png">
      <Filter>Resources</Filter>
    </Image>
    <Image Include="images\DispenserBlue.png">
      <Filter>Resources</Filter>
    </Image>
    <Image Include="images\DispenserGreen.png">
      <Filter>Resources</Filter>
    </Image>
    <Image Include="images\DispenserRed.png">
      <Filter>Resources</Filter>
    </Image>
    <Image Include="images\DoubleMirror.png">
      <Filter>Resources</Filter>
    </Image>
    <Image Include="images\Exit.png">
      <Filter>Resources</Filter>
    </Image>
    <Image Include="images\Help.png">
      <Filter>Resources</Filter>
    </Image>
    <Image Include="images\Mirror.png">
      <Filter>Resources</Filter>
    </Image>
    <Image Include="images\Option.png">
      <Filter>Resources</Filter>
    </Image>
    <Image Include="images\Start.png">
      <Filter>Resources</Filter>
    </Image>
    <Image Include="images\TargetBlue.png">
      <Filter>Resources</Filter>
    </Image>
    <Image Include="images\TargetBlueSuccess.png">
      <Filter>Resources</Filter>
    </Image>
    <Image Include="images\TargetCyan.png">
      <Filter>Resources</Filter>
    </Image>
    <Image Include="images\TargetCyanSuccess.png">
      <Filter>Resources</Filter>
    </Image>
    <Image Include="images\TargetGreen.png">
      <Filter>Resources</Filter>
    </Image>
    <Image Include="images\TargetGreenSuccess.png">
      <Filter>Resources</Filter>
    </Image>
    <Image Include="images\TargetMagenta.png">
      <Filter>Resources</Filter>
    </Image>
    <Image Include="images\TargetMagentaSuccess.png">
      <Filter>Resources</Filter>
    </Image>
    <Image Include="images\TargetRed.png">
      <Filter>Resources</Filter>
    </Image>
    <Image Include="images\TargetRedSuccess.png">
      <Filter>Resources</Filter>
    </Image>
    <Image Include="images\TargetWhite.png">
      <Filter>Resources</Filter>
    </Image>
    <Image Include="images\TargetWhiteSuccess.png">
      <Filter>Resources</Filter>
    </Image>
    <Image Include="images\TargetYellow.png">
      <Filter>Resources</Filter>
    </Image>
    <Image Include="images\TargetYellowSuccess.png">
      <Filter>Resources</Filter>
    </Image>
  </ItemGroup>
</Project>